{
  "version": 4,
  "terraform_version": "1.11.4",
  "serial": 18,
  "lineage": "f22e4b05-65af-3dff-16b2-daac2c94af27",
  "outputs": {},
  "resources": [
    {
      "mode": "managed",
      "type": "docker_image",
      "name": "nginx",
      "provider": "provider[\"registry.terraform.io/kreuzwerker/docker\"]",
      "instances": [
        {
          "schema_version": 0,
          "attributes": {
            "build": [],
            "force_remove": null,
            "id": "sha256:4cad75abc83d5ca6ee22053d85850676eaef657ee9d723d7bef61179e1e1e485nginx:latest",
            "image_id": "sha256:4cad75abc83d5ca6ee22053d85850676eaef657ee9d723d7bef61179e1e1e485",
            "keep_locally": null,
            "name": "nginx:latest",
            "platform": null,
            "pull_triggers": null,
            "repo_digest": "nginx@sha256:09369da6b10306312cd908661320086bf87fbae1b6b0c49a1f50ba531fef2eab",
            "triggers": null
          },
          "sensitive_attributes": [],
          "private": "bnVsbA=="
        }
      ]
    }
  ],
  "check_results": null
}
